
Microsoft Visual Studio Solution File, Format Version 12.00
# Visual Studio 15
VisualStudioVersion = 15.0.27130.2024
MinimumVisualStudioVersion = 10.0.40219.1
Project("{FAE04EC0-301F-11D3-BF4B-00C04F79EFBC}") = "AluraApp.Android", "AluraApp\AluraApp.Android\AluraApp.Android.csproj", "{CA656FB4-D468-461B-AA08-425EE7C5F1EB}"
EndProject
Project("{FAE04EC0-301F-11D3-BF4B-00C04F79EFBC}") = "AluraApp.iOS", "AluraApp\AluraApp.iOS\AluraApp.iOS.csproj", "{AA8E8766-8D0D-4EE8-BD35-F8C8B505AC64}"
EndProject
Project("{FAE04EC0-301F-11D3-BF4B-00C04F79EFBC}") = "AluraApp.UWP", "AluraApp\AluraApp.UWP\AluraApp.UWP.csproj", "{C63A238C-2A39-423B-8344-E8F692E2BA7A}"
EndProject
Project("{D954291E-2A0B-460D-934E-DC6B0785DB48}") = "AluraApp", "AluraApp\AluraApp\AluraApp.shproj", "{BB5D5D56-561D-4F17-A167-7C0DC70A6CD0}"
EndProject
Global
	GlobalSection(SharedMSBuildProjectFiles) = preSolution
		AluraApp\AluraApp\AluraApp.projitems*{aa8e8766-8d0d-4ee8-bd35-f8c8b505ac64}*SharedItemsImports = 4
		AluraApp\AluraApp\AluraApp.projitems*{bb5d5d56-561d-4f17-a167-7c0dc70a6cd0}*SharedItemsImports = 13
		AluraApp\AluraApp\AluraApp.projitems*{c63a238c-2a39-423b-8344-e8f692e2ba7a}*SharedItemsImports = 4
		AluraApp\AluraApp\AluraApp.projitems*{ca656fb4-d468-461b-aa08-425ee7c5f1eb}*SharedItemsImports = 4
	EndGlobalSection
	GlobalSection(SolutionConfigurationPlatforms) = preSolution
		Ad-Hoc|Any CPU = Ad-Hoc|Any CPU
		Ad-Hoc|ARM = Ad-Hoc|ARM
		Ad-Hoc|iPhone = Ad-Hoc|iPhone
		Ad-Hoc|iPhoneSimulator = Ad-Hoc|iPhoneSimulator
		Ad-Hoc|x64 = Ad-Hoc|x64
		Ad-Hoc|x86 = Ad-Hoc|x86
		AppStore|Any CPU = AppStore|Any CPU
		AppStore|ARM = AppStore|ARM
		AppStore|iPhone = AppStore|iPhone
		AppStore|iPhoneSimulator = AppStore|iPhoneSimulator
		AppStore|x64 = AppStore|x64
		AppStore|x86 = AppStore|x86
		Debug|Any CPU = Debug|Any CPU
		Debug|ARM = Debug|ARM
		Debug|iPhone = Debug|iPhone
		Debug|iPhoneSimulator = Debug|iPhoneSimulator
		Debug|x64 = Debug|x64
		Debug|x86 = Debug|x86
		Release|Any CPU = Release|Any CPU
		Release|ARM = Release|ARM
		Release|iPhone = Release|iPhone
		Release|iPhoneSimulator = Release|iPhoneSimulator
		Release|x64 = Release|x64
		Release|x86 = Release|x86
	EndGlobalSection
	GlobalSection(ProjectConfigurationPlatforms) = postSolution
		{CA656FB4-D468-461B-AA08-425EE7C5F1EB}.Ad-Hoc|Any CPU.ActiveCfg = Release|Any CPU
		{CA656FB4-D468-461B-AA08-425EE7C5F1EB}.Ad-Hoc|Any CPU.Build.0 = Release|Any CPU
		{CA656FB4-D468-461B-AA08-425EE7C5F1EB}.Ad-Hoc|Any CPU.Deploy.0 = Release|Any CPU
		{CA656FB4-D468-461B-AA08-425EE7C5F1EB}.Ad-Hoc|ARM.ActiveCfg = Release|Any CPU
		{CA656FB4-D468-461B-AA08-425EE7C5F1EB}.Ad-Hoc|ARM.Build.0 = Release|Any CPU
		{CA656FB4-D468-461B-AA08-425EE7C5F1EB}.Ad-Hoc|ARM.Deploy.0 = Release|Any CPU
		{CA656FB4-D468-461B-AA08-425EE7C5F1EB}.Ad-Hoc|iPhone.ActiveCfg = Release|Any CPU
		{CA656FB4-D468-461B-AA08-425EE7C5F1EB}.Ad-Hoc|iPhone.Build.0 = Release|Any CPU
		{CA656FB4-D468-461B-AA08-425EE7C5F1EB}.Ad-Hoc|iPhone.Deploy.0 = Release|Any CPU
		{CA656FB4-D468-461B-AA08-425EE7C5F1EB}.Ad-Hoc|iPhoneSimulator.ActiveCfg = Release|Any CPU
		{CA656FB4-D468-461B-AA08-425EE7C5F1EB}.Ad-Hoc|iPhoneSimulator.Build.0 = Release|Any CPU
		{CA656FB4-D468-461B-AA08-425EE7C5F1EB}.Ad-Hoc|iPhoneSimulator.Deploy.0 = Release|Any CPU
		{CA656FB4-D468-461B-AA08-425EE7C5F1EB}.Ad-Hoc|x64.ActiveCfg = Release|Any CPU
		{CA656FB4-D468-461B-AA08-425EE7C5F1EB}.Ad-Hoc|x64.Build.0 = Release|Any CPU
		{CA656FB4-D468-461B-AA08-425EE7C5F1EB}.Ad-Hoc|x64.Deploy.0 = Release|Any CPU
		{CA656FB4-D468-461B-AA08-425EE7C5F1EB}.Ad-Hoc|x86.ActiveCfg = Release|Any CPU
		{CA656FB4-D468-461B-AA08-425EE7C5F1EB}.Ad-Hoc|x86.Build.0 = Release|Any CPU
		{CA656FB4-D468-461B-AA08-425EE7C5F1EB}.Ad-Hoc|x86.Deploy.0 = Release|Any CPU
		{CA656FB4-D468-461B-AA08-425EE7C5F1EB}.AppStore|Any CPU.ActiveCfg = Release|Any CPU
		{CA656FB4-D468-461B-AA08-425EE7C5F1EB}.AppStore|Any CPU.Build.0 = Release|Any CPU
		{CA656FB4-D468-461B-AA08-425EE7C5F1EB}.AppStore|Any CPU.Deploy.0 = Release|Any CPU
		{CA656FB4-D468-461B-AA08-425EE7C5F1EB}.AppStore|ARM.ActiveCfg = Release|Any CPU
		{CA656FB4-D468-461B-AA08-425EE7C5F1EB}.AppStore|ARM.Build.0 = Release|Any CPU
		{CA656FB4-D468-461B-AA08-425EE7C5F1EB}.AppStore|ARM.Deploy.0 = Release|Any CPU
		{CA656FB4-D468-461B-AA08-425EE7C5F1EB}.AppStore|iPhone.ActiveCfg = Release|Any CPU
		{CA656FB4-D468-461B-AA08-425EE7C5F1EB}.AppStore|iPhone.Build.0 = Release|Any CPU
		{CA656FB4-D468-461B-AA08-425EE7C5F1EB}.AppStore|iPhone.Deploy.0 = Release|Any CPU
		{CA656FB4-D468-461B-AA08-425EE7C5F1EB}.AppStore|iPhoneSimulator.ActiveCfg = Release|Any CPU
		{CA656FB4-D468-461B-AA08-425EE7C5F1EB}.AppStore|iPhoneSimulator.Build.0 = Release|Any CPU
		{CA656FB4-D468-461B-AA08-425EE7C5F1EB}.AppStore|iPhoneSimulator.Deploy.0 = Release|Any CPU
		{CA656FB4-D468-461B-AA08-425EE7C5F1EB}.AppStore|x64.ActiveCfg = Release|Any CPU
		{CA656FB4-D468-461B-AA08-425EE7C5F1EB}.AppStore|x64.Build.0 = Release|Any CPU
		{CA656FB4-D468-461B-AA08-425EE7C5F1EB}.AppStore|x64.Deploy.0 = Release|Any CPU
		{CA656FB4-D468-461B-AA08-425EE7C5F1EB}.AppStore|x86.ActiveCfg = Release|Any CPU
		{CA656FB4-D468-461B-AA08-425EE7C5F1EB}.AppStore|x86.Build.0 = Release|Any CPU
		{CA656FB4-D468-461B-AA08-425EE7C5F1EB}.AppStore|x86.Deploy.0 = Release|Any CPU
		{CA656FB4-D468-461B-AA08-425EE7C5F1EB}.Debug|Any CPU.ActiveCfg = Debug|Any CPU
		{CA656FB4-D468-461B-AA08-425EE7C5F1EB}.Debug|Any CPU.Build.0 = Debug|Any CPU
		{CA656FB4-D468-461B-AA08-425EE7C5F1EB}.Debug|Any CPU.Deploy.0 = Debug|Any CPU
		{CA656FB4-D468-461B-AA08-425EE7C5F1EB}.Debug|ARM.ActiveCfg = Debug|Any CPU
		{CA656FB4-D468-461B-AA08-425EE7C5F1EB}.Debug|ARM.Build.0 = Debug|Any CPU
		{CA656FB4-D468-461B-AA08-425EE7C5F1EB}.Debug|ARM.Deploy.0 = Debug|Any CPU
		{CA656FB4-D468-461B-AA08-425EE7C5F1EB}.Debug|iPhone.ActiveCfg = Debug|Any CPU
		{CA656FB4-D468-461B-AA08-425EE7C5F1EB}.Debug|iPhone.Build.0 = Debug|Any CPU
		{CA656FB4-D468-461B-AA08-425EE7C5F1EB}.Debug|iPhone.Deploy.0 = Debug|Any CPU
		{CA656FB4-D468-461B-AA08-425EE7C5F1EB}.Debug|iPhoneSimulator.ActiveCfg = Debug|Any CPU
		{CA656FB4-D468-461B-AA08-425EE7C5F1EB}.Debug|iPhoneSimulator.Build.0 = Debug|Any CPU
		{CA656FB4-D468-461B-AA08-425EE7C5F1EB}.Debug|iPhoneSimulator.Deploy.0 = Debug|Any CPU
		{CA656FB4-D468-461B-AA08-425EE7C5F1EB}.Debug|x64.ActiveCfg = Debug|Any CPU
		{CA656FB4-D468-461B-AA08-425EE7C5F1EB}.Debug|x64.Build.0 = Debug|Any CPU
		{CA656FB4-D468-461B-AA08-425EE7C5F1EB}.Debug|x64.Deploy.0 = Debug|Any CPU
		{CA656FB4-D468-461B-AA08-425EE7C5F1EB}.Debug|x86.ActiveCfg = Debug|Any CPU
		{CA656FB4-D468-461B-AA08-425EE7C5F1EB}.Debug|x86.Build.0 = Debug|Any CPU
		{CA656FB4-D468-461B-AA08-425EE7C5F1EB}.Debug|x86.Deploy.0 = Debug|Any CPU
		{CA656FB4-D468-461B-AA08-425EE7C5F1EB}.Release|Any CPU.ActiveCfg = Release|Any CPU
		{CA656FB4-D468-461B-AA08-425EE7C5F1EB}.Release|Any CPU.Build.0 = Release|Any CPU
		{CA656FB4-D468-461B-AA08-425EE7C5F1EB}.Release|Any CPU.Deploy.0 = Release|Any CPU
		{CA656FB4-D468-461B-AA08-425EE7C5F1EB}.Release|ARM.ActiveCfg = Release|Any CPU
		{CA656FB4-D468-461B-AA08-425EE7C5F1EB}.Release|ARM.Build.0 = Release|Any CPU
		{CA656FB4-D468-461B-AA08-425EE7C5F1EB}.Release|ARM.Deploy.0 = Release|Any CPU
		{CA656FB4-D468-461B-AA08-425EE7C5F1EB}.Release|iPhone.ActiveCfg = Release|Any CPU
		{CA656FB4-D468-461B-AA08-425EE7C5F1EB}.Release|iPhone.Build.0 = Release|Any CPU
		{CA656FB4-D468-461B-AA08-425EE7C5F1EB}.Release|iPhone.Deploy.0 = Release|Any CPU
		{CA656FB4-D468-461B-AA08-425EE7C5F1EB}.Release|iPhoneSimulator.ActiveCfg = Release|Any CPU
		{CA656FB4-D468-461B-AA08-425EE7C5F1EB}.Release|iPhoneSimulator.Build.0 = Release|Any CPU
		{CA656FB4-D468-461B-AA08-425EE7C5F1EB}.Release|iPhoneSimulator.Deploy.0 = Release|Any CPU
		{CA656FB4-D468-461B-AA08-425EE7C5F1EB}.Release|x64.ActiveCfg = Release|Any CPU
		{CA656FB4-D468-461B-AA08-425EE7C5F1EB}.Release|x64.Build.0 = Release|Any CPU
		{CA656FB4-D468-461B-AA08-425EE7C5F1EB}.Release|x64.Deploy.0 = Release|Any CPU
		{CA656FB4-D468-461B-AA08-425EE7C5F1EB}.Release|x86.ActiveCfg = Release|Any CPU
		{CA656FB4-D468-461B-AA08-425EE7C5F1EB}.Release|x86.Build.0 = Release|Any CPU
		{CA656FB4-D468-461B-AA08-425EE7C5F1EB}.Release|x86.Deploy.0 = Release|Any CPU
		{AA8E8766-8D0D-4EE8-BD35-F8C8B505AC64}.Ad-Hoc|Any CPU.ActiveCfg = Ad-Hoc|iPhone
		{AA8E8766-8D0D-4EE8-BD35-F8C8B505AC64}.Ad-Hoc|ARM.ActiveCfg = Ad-Hoc|iPhone
		{AA8E8766-8D0D-4EE8-BD35-F8C8B505AC64}.Ad-Hoc|iPhone.ActiveCfg = Ad-Hoc|iPhone
		{AA8E8766-8D0D-4EE8-BD35-F8C8B505AC64}.Ad-Hoc|iPhone.Build.0 = Ad-Hoc|iPhone
		{AA8E8766-8D0D-4EE8-BD35-F8C8B505AC64}.Ad-Hoc|iPhoneSimulator.ActiveCfg = Ad-Hoc|iPhoneSimulator
		{AA8E8766-8D0D-4EE8-BD35-F8C8B505AC64}.Ad-Hoc|iPhoneSimulator.Build.0 = Ad-Hoc|iPhoneSimulator
		{AA8E8766-8D0D-4EE8-BD35-F8C8B505AC64}.Ad-Hoc|x64.ActiveCfg = Ad-Hoc|iPhone
		{AA8E8766-8D0D-4EE8-BD35-F8C8B505AC64}.Ad-Hoc|x86.ActiveCfg = Ad-Hoc|iPhone
		{AA8E8766-8D0D-4EE8-BD35-F8C8B505AC64}.AppStore|Any CPU.ActiveCfg = AppStore|iPhone
		{AA8E8766-8D0D-4EE8-BD35-F8C8B505AC64}.AppStore|ARM.ActiveCfg = AppStore|iPhone
		{AA8E8766-8D0D-4EE8-BD35-F8C8B505AC64}.AppStore|iPhone.ActiveCfg = AppStore|iPhone
		{AA8E8766-8D0D-4EE8-BD35-F8C8B505AC64}.AppStore|iPhone.Build.0 = AppStore|iPhone
		{AA8E8766-8D0D-4EE8-BD35-F8C8B505AC64}.AppStore|iPhoneSimulator.ActiveCfg = AppStore|iPhoneSimulator
		{AA8E8766-8D0D-4EE8-BD35-F8C8B505AC64}.AppStore|iPhoneSimulator.Build.0 = AppStore|iPhoneSimulator
		{AA8E8766-8D0D-4EE8-BD35-F8C8B505AC64}.AppStore|x64.ActiveCfg = AppStore|iPhone
		{AA8E8766-8D0D-4EE8-BD35-F8C8B505AC64}.AppStore|x86.ActiveCfg = AppStore|iPhone
		{AA8E8766-8D0D-4EE8-BD35-F8C8B505AC64}.Debug|Any CPU.ActiveCfg = Debug|iPhone
		{AA8E8766-8D0D-4EE8-BD35-F8C8B505AC64}.Debug|ARM.ActiveCfg = Debug|iPhone
		{AA8E8766-8D0D-4EE8-BD35-F8C8B505AC64}.Debug|iPhone.ActiveCfg = Debug|iPhone
		{AA8E8766-8D0D-4EE8-BD35-F8C8B505AC64}.Debug|iPhone.Build.0 = Debug|iPhone
		{AA8E8766-8D0D-4EE8-BD35-F8C8B505AC64}.Debug|iPhoneSimulator.ActiveCfg = Debug|iPhoneSimulator
		{AA8E8766-8D0D-4EE8-BD35-F8C8B505AC64}.Debug|iPhoneSimulator.Build.0 = Debug|iPhoneSimulator
		{AA8E8766-8D0D-4EE8-BD35-F8C8B505AC64}.Debug|x64.ActiveCfg = Debug|iPhone
		{AA8E8766-8D0D-4EE8-BD35-F8C8B505AC64}.Debug|x86.ActiveCfg = Debug|iPhone
		{AA8E8766-8D0D-4EE8-BD35-F8C8B505AC64}.Release|Any CPU.ActiveCfg = Release|iPhone
		{AA8E8766-8D0D-4EE8-BD35-F8C8B505AC64}.Release|ARM.ActiveCfg = Release|iPhone
		{AA8E8766-8D0D-4EE8-BD35-F8C8B505AC64}.Release|iPhone.ActiveCfg = Release|iPhone
		{AA8E8766-8D0D-4EE8-BD35-F8C8B505AC64}.Release|iPhone.Build.0 = Release|iPhone
		{AA8E8766-8D0D-4EE8-BD35-F8C8B505AC64}.Release|iPhoneSimulator.ActiveCfg = Release|iPhoneSimulator
		{AA8E8766-8D0D-4EE8-BD35-F8C8B505AC64}.Release|iPhoneSimulator.Build.0 = Release|iPhoneSimulator
		{AA8E8766-8D0D-4EE8-BD35-F8C8B505AC64}.Release|x64.ActiveCfg = Release|iPhone
		{AA8E8766-8D0D-4EE8-BD35-F8C8B505AC64}.Release|x86.ActiveCfg = Release|iPhone
		{C63A238C-2A39-423B-8344-E8F692E2BA7A}.Ad-Hoc|Any CPU.ActiveCfg = Release|x86
		{C63A238C-2A39-423B-8344-E8F692E2BA7A}.Ad-Hoc|Any CPU.Build.0 = Release|x86
		{C63A238C-2A39-423B-8344-E8F692E2BA7A}.Ad-Hoc|Any CPU.Deploy.0 = Release|x86
		{C63A238C-2A39-423B-8344-E8F692E2BA7A}.Ad-Hoc|ARM.ActiveCfg = Release|ARM
		{C63A238C-2A39-423B-8344-E8F692E2BA7A}.Ad-Hoc|ARM.Build.0 = Release|ARM
		{C63A238C-2A39-423B-8344-E8F692E2BA7A}.Ad-Hoc|ARM.Deploy.0 = Release|ARM
		{C63A238C-2A39-423B-8344-E8F692E2BA7A}.Ad-Hoc|iPhone.ActiveCfg = Release|x86
		{C63A238C-2A39-423B-8344-E8F692E2BA7A}.Ad-Hoc|iPhone.Build.0 = Release|x86
		{C63A238C-2A39-423B-8344-E8F692E2BA7A}.Ad-Hoc|iPhone.Deploy.0 = Release|x86
		{C63A238C-2A39-423B-8344-E8F692E2BA7A}.Ad-Hoc|iPhoneSimulator.ActiveCfg = Release|x86
		{C63A238C-2A39-423B-8344-E8F692E2BA7A}.Ad-Hoc|iPhoneSimulator.Build.0 = Release|x86
		{C63A238C-2A39-423B-8344-E8F692E2BA7A}.Ad-Hoc|iPhoneSimulator.Deploy.0 = Release|x86
		{C63A238C-2A39-423B-8344-E8F692E2BA7A}.Ad-Hoc|x64.ActiveCfg = Release|x64
		{C63A238C-2A39-423B-8344-E8F692E2BA7A}.Ad-Hoc|x64.Build.0 = Release|x64
		{C63A238C-2A39-423B-8344-E8F692E2BA7A}.Ad-Hoc|x64.Deploy.0 = Release|x64
		{C63A238C-2A39-423B-8344-E8F692E2BA7A}.Ad-Hoc|x86.ActiveCfg = Release|x86
		{C63A238C-2A39-423B-8344-E8F692E2BA7A}.Ad-Hoc|x86.Build.0 = Release|x86
		{C63A238C-2A39-423B-8344-E8F692E2BA7A}.Ad-Hoc|x86.Deploy.0 = Release|x86
		{C63A238C-2A39-423B-8344-E8F692E2BA7A}.AppStore|Any CPU.ActiveCfg = Release|x86
		{C63A238C-2A39-423B-8344-E8F692E2BA7A}.AppStore|Any CPU.Build.0 = Release|x86
		{C63A238C-2A39-423B-8344-E8F692E2BA7A}.AppStore|Any CPU.Deploy.0 = Release|x86
		{C63A238C-2A39-423B-8344-E8F692E2BA7A}.AppStore|ARM.ActiveCfg = Release|ARM
		{C63A238C-2A39-423B-8344-E8F692E2BA7A}.AppStore|ARM.Build.0 = Release|ARM
		{C63A238C-2A39-423B-8344-E8F692E2BA7A}.AppStore|ARM.Deploy.0 = Release|ARM
		{C63A238C-2A39-423B-8344-E8F692E2BA7A}.AppStore|iPhone.ActiveCfg = Release|x86
		{C63A238C-2A39-423B-8344-E8F692E2BA7A}.AppStore|iPhone.Build.0 = Release|x86
		{C63A238C-2A39-423B-8344-E8F692E2BA7A}.AppStore|iPhone.Deploy.0 = Release|x86
		{C63A238C-2A39-423B-8344-E8F692E2BA7A}.AppStore|iPhoneSimulator.ActiveCfg = Release|x86
		{C63A238C-2A39-423B-8344-E8F692E2BA7A}.AppStore|iPhoneSimulator.Build.0 = Release|x86
		{C63A238C-2A39-423B-8344-E8F692E2BA7A}.AppStore|iPhoneSimulator.Deploy.0 = Release|x86
		{C63A238C-2A39-423B-8344-E8F692E2BA7A}.AppStore|x64.ActiveCfg = Release|x64
		{C63A238C-2A39-423B-8344-E8F692E2BA7A}.AppStore|x64.Build.0 = Release|x64
		{C63A238C-2A39-423B-8344-E8F692E2BA7A}.AppStore|x64.Deploy.0 = Release|x64
		{C63A238C-2A39-423B-8344-E8F692E2BA7A}.AppStore|x86.ActiveCfg = Release|x86
		{C63A238C-2A39-423B-8344-E8F692E2BA7A}.AppStore|x86.Build.0 = Release|x86
		{C63A238C-2A39-423B-8344-E8F692E2BA7A}.AppStore|x86.Deploy.0 = Release|x86
		{C63A238C-2A39-423B-8344-E8F692E2BA7A}.Debug|Any CPU.ActiveCfg = Debug|x86
		{C63A238C-2A39-423B-8344-E8F692E2BA7A}.Debug|ARM.ActiveCfg = Debug|ARM
		{C63A238C-2A39-423B-8344-E8F692E2BA7A}.Debug|ARM.Build.0 = Debug|ARM
		{C63A238C-2A39-423B-8344-E8F692E2BA7A}.Debug|ARM.Deploy.0 = Debug|ARM
		{C63A238C-2A39-423B-8344-E8F692E2BA7A}.Debug|iPhone.ActiveCfg = Debug|x86
		{C63A238C-2A39-423B-8344-E8F692E2BA7A}.Debug|iPhoneSimulator.ActiveCfg = Debug|x86
		{C63A238C-2A39-423B-8344-E8F692E2BA7A}.Debug|x64.ActiveCfg = Debug|x64
		{C63A238C-2A39-423B-8344-E8F692E2BA7A}.Debug|x64.Build.0 = Debug|x64
		{C63A238C-2A39-423B-8344-E8F692E2BA7A}.Debug|x64.Deploy.0 = Debug|x64
		{C63A238C-2A39-423B-8344-E8F692E2BA7A}.Debug|x86.ActiveCfg = Debug|x86
		{C63A238C-2A39-423B-8344-E8F692E2BA7A}.Debug|x86.Build.0 = Debug|x86
		{C63A238C-2A39-423B-8344-E8F692E2BA7A}.Debug|x86.Deploy.0 = Debug|x86
		{C63A238C-2A39-423B-8344-E8F692E2BA7A}.Release|Any CPU.ActiveCfg = Release|x86
		{C63A238C-2A39-423B-8344-E8F692E2BA7A}.Release|ARM.ActiveCfg = Release|ARM
		{C63A238C-2A39-423B-8344-E8F692E2BA7A}.Release|ARM.Build.0 = Release|ARM
		{C63A238C-2A39-423B-8344-E8F692E2BA7A}.Release|ARM.Deploy.0 = Release|ARM
		{C63A238C-2A39-423B-8344-E8F692E2BA7A}.Release|iPhone.ActiveCfg = Release|x86
		{C63A238C-2A39-423B-8344-E8F692E2BA7A}.Release|iPhoneSimulator.ActiveCfg = Release|x86
		{C63A238C-2A39-423B-8344-E8F692E2BA7A}.Release|x64.ActiveCfg = Release|x64
		{C63A238C-2A39-423B-8344-E8F692E2BA7A}.Release|x64.Build.0 = Release|x64
		{C63A238C-2A39-423B-8344-E8F692E2BA7A}.Release|x64.Deploy.0 = Release|x64
		{C63A238C-2A39-423B-8344-E8F692E2BA7A}.Release|x86.ActiveCfg = Release|x86
		{C63A238C-2A39-423B-8344-E8F692E2BA7A}.Release|x86.Build.0 = Release|x86
		{C63A238C-2A39-423B-8344-E8F692E2BA7A}.Release|x86.Deploy.0 = Release|x86
	EndGlobalSection
	GlobalSection(SolutionProperties) = preSolution
		HideSolutionNode = FALSE
	EndGlobalSection
	GlobalSection(ExtensibilityGlobals) = postSolution
		SolutionGuid = {AA06A363-6905-4BAD-8AAD-EB0F1916694F}
	EndGlobalSection
EndGlobal
